{
  "originHash" : "5f758ca74bc3daacd2dac9a95d3ee59be5146f285858023b035ac20aceb02374",
  "pins" : [
    {
      "identity" : "swift-text-pdf",
      "kind" : "remoteSourceControl",
      "location" : "https://github.com/arraypress/swift-text-pdf.git",
      "state" : {
        "revision" : "95e49306c8aca437de2faf1ddf0c10ab9a1516e8",
        "version" : "0.3.0"
      }
    }
  ],
  "version" : 3
}
